
Microsoft Visual Studio Solution File, Format Version 12.00
# Visual Studio Version 17
VisualStudioVersion = 17.4.32804.182
MinimumVisualStudioVersion = 10.0.40219.1
Project("{FAE04EC0-301F-11D3-BF4B-00C04F79EFBC}") = "KeysRegister", "KeysRegister\KeysRegister.csproj", "{456CDDA8-40CD-40C3-A58F-D01FFA7B21A7}"
EndProject
Global
	GlobalSection(SolutionConfigurationPlatforms) = preSolution
		Debug|Any CPU = Debug|Any CPU
		Release|Any CPU = Release|Any CPU
	EndGlobalSection
	GlobalSection(ProjectConfigurationPlatforms) = postSolution
		{456CDDA8-40CD-40C3-A58F-D01FFA7B21A7}.Debug|Any CPU.ActiveCfg = Debug|Any CPU
		{456CDDA8-40CD-40C3-A58F-D01FFA7B21A7}.Debug|Any CPU.Build.0 = Debug|Any CPU
		{456CDDA8-40CD-40C3-A58F-D01FFA7B21A7}.Release|Any CPU.ActiveCfg = Release|Any CPU
		{456CDDA8-40CD-40C3-A58F-D01FFA7B21A7}.Release|Any CPU.Build.0 = Release|Any CPU
	EndGlobalSection
	GlobalSection(SolutionProperties) = preSolution
		HideSolutionNode = FALSE
	EndGlobalSection
	GlobalSection(ExtensibilityGlobals) = postSolution
		SolutionGuid = {8BEF62E1-3A14-4479-B370-DAD0F2231CD4}
	EndGlobalSection
EndGlobal
